
Microsoft Visual Studio Solution File, Format Version 12.00
# Visual Studio Version 17
VisualStudioVersion = 17.8.34511.84
MinimumVisualStudioVersion = 10.0.40219.1
Project("{FAE04EC0-301F-11D3-BF4B-00C04F79EFBC}") = "HappyHippo.Server", "HappyHippo.Server\HappyHippo.Server.csproj", "{7AA673FF-7342-42D2-A118-5493C6C77733}"
EndProject
Project("{54A90642-561A-4BB1-A94E-469ADEE60C69}") = "happyhippo.client", "happyhippo.client\happyhippo.client.esproj", "{A056EFF0-D531-4B22-AC57-D0915F69753B}"
EndProject
Global
	GlobalSection(SolutionConfigurationPlatforms) = preSolution
		Debug|Any CPU = Debug|Any CPU
		Release|Any CPU = Release|Any CPU
	EndGlobalSection
	GlobalSection(ProjectConfigurationPlatforms) = postSolution
		{7AA673FF-7342-42D2-A118-5493C6C77733}.Debug|Any CPU.ActiveCfg = Debug|Any CPU
		{7AA673FF-7342-42D2-A118-5493C6C77733}.Debug|Any CPU.Build.0 = Debug|Any CPU
		{7AA673FF-7342-42D2-A118-5493C6C77733}.Release|Any CPU.ActiveCfg = Release|Any CPU
		{7AA673FF-7342-42D2-A118-5493C6C77733}.Release|Any CPU.Build.0 = Release|Any CPU
		{A056EFF0-D531-4B22-AC57-D0915F69753B}.Debug|Any CPU.ActiveCfg = Debug|Any CPU
		{A056EFF0-D531-4B22-AC57-D0915F69753B}.Debug|Any CPU.Build.0 = Debug|Any CPU
		{A056EFF0-D531-4B22-AC57-D0915F69753B}.Debug|Any CPU.Deploy.0 = Debug|Any CPU
		{A056EFF0-D531-4B22-AC57-D0915F69753B}.Release|Any CPU.ActiveCfg = Release|Any CPU
		{A056EFF0-D531-4B22-AC57-D0915F69753B}.Release|Any CPU.Build.0 = Release|Any CPU
		{A056EFF0-D531-4B22-AC57-D0915F69753B}.Release|Any CPU.Deploy.0 = Release|Any CPU
	EndGlobalSection
	GlobalSection(SolutionProperties) = preSolution
		HideSolutionNode = FALSE
	EndGlobalSection
	GlobalSection(ExtensibilityGlobals) = postSolution
		SolutionGuid = {156EC115-AF98-484B-93AA-94B66EA0A045}
	EndGlobalSection
EndGlobal
